
Microsoft Visual Studio Solution File, Format Version 12.00
# Visual Studio Version 17
VisualStudioVersion = 17.7.34031.279
MinimumVisualStudioVersion = 10.0.40219.1
Project("{9A19103F-16F7-4668-BE54-9A1E7A4F7556}") = "Console", "Console.csproj", "{D28CC67C-1C30-4DF8-9DE0-30342EA2CFDC}"
EndProject
Global
	GlobalSection(SolutionConfigurationPlatforms) = preSolution
		Debug|Any CPU = Debug|Any CPU
		Release|Any CPU = Release|Any CPU
	EndGlobalSection
	GlobalSection(ProjectConfigurationPlatforms) = postSolution
		{D28CC67C-1C30-4DF8-9DE0-30342EA2CFDC}.Debug|Any CPU.ActiveCfg = Debug|Any CPU
		{D28CC67C-1C30-4DF8-9DE0-30342EA2CFDC}.Debug|Any CPU.Build.0 = Debug|Any CPU
		{D28CC67C-1C30-4DF8-9DE0-30342EA2CFDC}.Release|Any CPU.ActiveCfg = Release|Any CPU
		{D28CC67C-1C30-4DF8-9DE0-30342EA2CFDC}.Release|Any CPU.Build.0 = Release|Any CPU
	EndGlobalSection
	GlobalSection(SolutionProperties) = preSolution
		HideSolutionNode = FALSE
	EndGlobalSection
	GlobalSection(ExtensibilityGlobals) = postSolution
		SolutionGuid = {237E1B88-9E5D-4CC5-81B9-D50F5D65ECCD}
	EndGlobalSection
EndGlobal
