
Microsoft Visual Studio Solution File, Format Version 12.00
# Visual Studio Version 17
VisualStudioVersion = 17.7.34031.279
MinimumVisualStudioVersion = 10.0.40219.1
Project("{9A19103F-16F7-4668-BE54-9A1E7A4F7556}") = "Fenrir_WebApplication", "Fenrir_WebApplication.csproj", "{FD73B012-B9AF-4C47-8A44-5EB8E08097DA}"
EndProject
Project("{FAE04EC0-301F-11D3-BF4B-00C04F79EFBC}") = "Console", "..\Work\Fenrir_Console\Console\Console.csproj", "{E0F4E517-8046-4776-AC8D-02FFCC0A355E}"
EndProject
Global
	GlobalSection(SolutionConfigurationPlatforms) = preSolution
		Debug|Any CPU = Debug|Any CPU
		Release|Any CPU = Release|Any CPU
	EndGlobalSection
	GlobalSection(ProjectConfigurationPlatforms) = postSolution
		{FD73B012-B9AF-4C47-8A44-5EB8E08097DA}.Debug|Any CPU.ActiveCfg = Debug|Any CPU
		{FD73B012-B9AF-4C47-8A44-5EB8E08097DA}.Debug|Any CPU.Build.0 = Debug|Any CPU
		{FD73B012-B9AF-4C47-8A44-5EB8E08097DA}.Release|Any CPU.ActiveCfg = Release|Any CPU
		{FD73B012-B9AF-4C47-8A44-5EB8E08097DA}.Release|Any CPU.Build.0 = Release|Any CPU
		{E0F4E517-8046-4776-AC8D-02FFCC0A355E}.Debug|Any CPU.ActiveCfg = Debug|Any CPU
		{E0F4E517-8046-4776-AC8D-02FFCC0A355E}.Debug|Any CPU.Build.0 = Debug|Any CPU
		{E0F4E517-8046-4776-AC8D-02FFCC0A355E}.Release|Any CPU.ActiveCfg = Release|Any CPU
		{E0F4E517-8046-4776-AC8D-02FFCC0A355E}.Release|Any CPU.Build.0 = Release|Any CPU
	EndGlobalSection
	GlobalSection(SolutionProperties) = preSolution
		HideSolutionNode = FALSE
	EndGlobalSection
	GlobalSection(ExtensibilityGlobals) = postSolution
		SolutionGuid = {65E64E8B-7F79-4F18-9E46-9452EBD737F3}
	EndGlobalSection
EndGlobal
